// !$*UTF8*$!
{
	archiveVersion = 1;
	classes = {
	};
	objectVersion = 77;
	objects = {

/* Begin PBXContainerItemProxy section */
		082BFAC32D9B14E900FC2210 /* PBXContainerItemProxy */ = {
			isa = PBXContainerItemProxy;
			containerPortal = 082BFAAA2D9B14E800FC2210 /* Project object */;
			proxyType = 1;
			remoteGlobalIDString = 082BFAB12D9B14E800FC2210;
			remoteInfo = mirrorApp;
		};
		082BFACD2D9B14E900FC2210 /* PBXContainerItemProxy */ = {
			isa = PBXContainerItemProxy;
			containerPortal = 082BFAAA2D9B14E800FC2210 /* Project object */;
			proxyType = 1;
			remoteGlobalIDString = 082BFAB12D9B14E800FC2210;
			remoteInfo = mirrorApp;
		};
/* End PBXContainerItemProxy section */

/* Begin PBXFileReference section */
		082BFAB22D9B14E800FC2210 /* mirrorApp.app */ = {isa = PBXFileReference; explicitFileType = wrapper.application; includeInIndex = 0; path = mirrorApp.app; sourceTree = BUILT_PRODUCTS_DIR; };
		082BFAC22D9B14E900FC2210 /* mirrorAppTests.xctest */ = {isa = PBXFileReference; explicitFileType = wrapper.cfbundle; includeInIndex = 0; path = mirrorAppTests.xctest; sourceTree = BUILT_PRODUCTS_DIR; };
		082BFACC2D9B14E900FC2210 /* mirrorAppUITests.xctest */ = {isa = PBXFileReference; explicitFileType = wrapper.cfbundle; includeInIndex = 0; path = mirrorAppUITests.xctest; sourceTree = BUILT_PRODUCTS_DIR; };
/* End PBXFileReference section */

/* Begin PBXFileSystemSynchronizedRootGroup section */
		082BFAB42D9B14E800FC2210 /* mirrorApp */ = {
			isa = PBXFileSystemSynchronizedRootGroup;
			path = mirrorApp;
			sourceTree = "<group>";
		};
		082BFAC52D9B14E900FC2210 /* mirrorAppTests */ = {
			isa = PBXFileSystemSynchronizedRootGroup;
			path = mirrorAppTests;
			sourceTree = "<group>";
		};
		082BFACF2D9B14E900FC2210 /* mirrorAppUITests */ = {
			isa = PBXFileSystemSynchronizedRootGroup;
			path = mirrorAppUITests;
			sourceTree = "<group>";
		};
/* End PBXFileSystemSynchronizedRootGroup section */

/* Begin PBXFrameworksBuildPhase section */
		082BFAAF2D9B14E800FC2210 /* Frameworks */ = {
			isa = PBXFrameworksBuildPhase;
			buildActionMask = 2147483647;
			files = (
			);
			runOnlyForDeploymentPostprocessing = 0;
		};
		082BFABF2D9B14E900FC2210 /* Frameworks */ = {
			isa = PBXFrameworksBuildPhase;
			buildActionMask = 2147483647;
			files = (
			);
			runOnlyForDeploymentPostprocessing = 0;
		};
		082BFAC92D9B14E900FC2210 /* Frameworks */ = {
			isa = PBXFrameworksBuildPhase;
			buildActionMask = 2147483647;
			files = (
			);
			runOnlyForDeploymentPostprocessing = 0;
		};
/* End PBXFrameworksBuildPhase section */

/* Begin PBXGroup section */
		082BFAA92D9B14E800FC2210 = {
			isa = PBXGroup;
			children = (
				082BFAB42D9B14E800FC2210 /* mirrorApp */,
				082BFAC52D9B14E900FC2210 /* mirrorAppTests */,
				082BFACF2D9B14E900FC2210 /* mirrorAppUITests */,
				082BFAB32D9B14E800FC2210 /* Products */,
			);
			sourceTree = "<group>";
		};
		082BFAB32D9B14E800FC2210 /* Products */ = {
			isa = PBXGroup;
			children = (
				082BFAB22D9B14E800FC2210 /* mirrorApp.app */,
				082BFAC22D9B14E900FC2210 /* mirrorAppTests.xctest */,
				082BFACC2D9B14E900FC2210 /* mirrorAppUITests.xctest */,
			);
			name = Products;
			sourceTree = "<group>";
		};
/* End PBXGroup section */

/* Begin PBXNativeTarget section */
		082BFAB12D9B14E800FC2210 /* mirrorApp */ = {
			isa = PBXNativeTarget;
			buildConfigurationList = 082BFAD62D9B14E900FC2210 /* Build configuration list for PBXNativeTarget "mirrorApp" */;
			buildPhases = (
				082BFAAE2D9B14E800FC2210 /* Sources */,
				082BFAAF2D9B14E800FC2210 /* Frameworks */,
				082BFAB02D9B14E800FC2210 /* Resources */,
			);
			buildRules = (
			);
			dependencies = (
			);
			fileSystemSynchronizedGroups = (
				082BFAB42D9B14E800FC2210 /* mirrorApp */,
			);
			name = mirrorApp;
			packageProductDependencies = (
			);
			productName = mirrorApp;
			productReference = 082BFAB22D9B14E800FC2210 /* mirrorApp.app */;
			productType = "com.apple.product-type.application";
		};
		082BFAC12D9B14E900FC2210 /* mirrorAppTests */ = {
			isa = PBXNativeTarget;
			buildConfigurationList = 082BFAD92D9B14E900FC2210 /* Build configuration list for PBXNativeTarget "mirrorAppTests" */;
			buildPhases = (
				082BFABE2D9B14E900FC2210 /* Sources */,
				082BFABF2D9B14E900FC2210 /* Frameworks */,
				082BFAC02D9B14E900FC2210 /* Resources */,
			);
			buildRules = (
			);
			dependencies = (
				082BFAC42D9B14E900FC2210 /* PBXTargetDependency */,
			);
			fileSystemSynchronizedGroups = (
				082BFAC52D9B14E900FC2210 /* mirrorAppTests */,
			);
			name = mirrorAppTests;
			packageProductDependencies = (
			);
			productName = mirrorAppTests;
			productReference = 082BFAC22D9B14E900FC2210 /* mirrorAppTests.xctest */;
			productType = "com.apple.product-type.bundle.unit-test";
		};
		082BFACB2D9B14E900FC2210 /* mirrorAppUITests */ = {
			isa = PBXNativeTarget;
			buildConfigurationList = 082BFADC2D9B14E900FC2210 /* Build configuration list for PBXNativeTarget "mirrorAppUITests" */;
			buildPhases = (
				082BFAC82D9B14E900FC2210 /* Sources */,
				082BFAC92D9B14E900FC2210 /* Frameworks */,
				082BFACA2D9B14E900FC2210 /* Resources */,
			);
			buildRules = (
			);
			dependencies = (
				082BFACE2D9B14E900FC2210 /* PBXTargetDependency */,
			);
			fileSystemSynchronizedGroups = (
				082BFACF2D9B14E900FC2210 /* mirrorAppUITests */,
			);
			name = mirrorAppUITests;
			packageProductDependencies = (
			);
			productName = mirrorAppUITests;
			productReference = 082BFACC2D9B14E900FC2210 /* mirrorAppUITests.xctest */;
			productType = "com.apple.product-type.bundle.ui-testing";
		};
/* End PBXNativeTarget section */

/* Begin PBXProject section */
		082BFAAA2D9B14E800FC2210 /* Project object */ = {
			isa = PBXProject;
			attributes = {
				BuildIndependentTargetsInParallel = 1;
				LastSwiftUpdateCheck = 1620;
				LastUpgradeCheck = 1620;
				TargetAttributes = {
					082BFAB12D9B14E800FC2210 = {
						CreatedOnToolsVersion = 16.2;
					};
					082BFAC12D9B14E900FC2210 = {
						CreatedOnToolsVersion = 16.2;
						TestTargetID = 082BFAB12D9B14E800FC2210;
					};
					082BFACB2D9B14E900FC2210 = {
						CreatedOnToolsVersion = 16.2;
						TestTargetID = 082BFAB12D9B14E800FC2210;
					};
				};
			};
			buildConfigurationList = 082BFAAD2D9B14E800FC2210 /* Build configuration list for PBXProject "mirrorApp" */;
			developmentRegion = en;
			hasScannedForEncodings = 0;
			knownRegions = (
				en,
				Base,
			);
			mainGroup = 082BFAA92D9B14E800FC2210;
			minimizedProjectReferenceProxies = 1;
			preferredProjectObjectVersion = 77;
			productRefGroup = 082BFAB32D9B14E800FC2210 /* Products */;
			projectDirPath = "";
			projectRoot = "";
			targets = (
				082BFAB12D9B14E800FC2210 /* mirrorApp */,
				082BFAC12D9B14E900FC2210 /* mirrorAppTests */,
				082BFACB2D9B14E900FC2210 /* mirrorAppUITests */,
			);
		};
/* End PBXProject section */

/* Begin PBXResourcesBuildPhase section */
		082BFAB02D9B14E800FC2210 /* Resources */ = {
			isa = PBXResourcesBuildPhase;
			buildActionMask = 2147483647;
			files = (
			);
			runOnlyForDeploymentPostprocessing = 0;
		};
		082BFAC02D9B14E900FC2210 /* Resources */ = {
			isa = PBXResourcesBuildPhase;
			buildActionMask = 2147483647;
			files = (
			);
			runOnlyForDeploymentPostprocessing = 0;
		};
		082BFACA2D9B14E900FC2210 /* Resources */ = {
			isa = PBXResourcesBuildPhase;
			buildActionMask = 2147483647;
			files = (
			);
			runOnlyForDeploymentPostprocessing = 0;
		};
/* End PBXResourcesBuildPhase section */

/* Begin PBXSourcesBuildPhase section */
		082BFAAE2D9B14E800FC2210 /* Sources */ = {
			isa = PBXSourcesBuildPhase;
			buildActionMask = 2147483647;
			files = (
			);
			runOnlyForDeploymentPostprocessing = 0;
		};
		082BFABE2D9B14E900FC2210 /* Sources */ = {
			isa = PBXSourcesBuildPhase;
			buildActionMask = 2147483647;
			files = (
			);
			runOnlyForDeploymentPostprocessing = 0;
		};
		082BFAC82D9B14E900FC2210 /* Sources */ = {
			isa = PBXSourcesBuildPhase;
			buildActionMask = 2147483647;
			files = (
			);
			runOnlyForDeploymentPostprocessing = 0;
		};
/* End PBXSourcesBuildPhase section */

/* Begin PBXTargetDependency section */
		082BFAC42D9B14E900FC2210 /* PBXTargetDependency */ = {
			isa = PBXTargetDependency;
			target = 082BFAB12D9B14E800FC2210 /* mirrorApp */;
			targetProxy = 082BFAC32D9B14E900FC2210 /* PBXContainerItemProxy */;
		};
		082BFACE2D9B14E900FC2210 /* PBXTargetDependency */ = {
			isa = PBXTargetDependency;
			target = 082BFAB12D9B14E800FC2210 /* mirrorApp */;
			targetProxy = 082BFACD2D9B14E900FC2210 /* PBXContainerItemProxy */;
		};
/* End PBXTargetDependency section */

/* Begin XCBuildConfiguration section */
		082BFAD42D9B14E900FC2210 /* Debug */ = {
			isa = XCBuildConfiguration;
			buildSettings = {
				ALWAYS_SEARCH_USER_PATHS = NO;
				ASSETCATALOG_COMPILER_GENERATE_SWIFT_ASSET_SYMBOL_EXTENSIONS = YES;
				CLANG_ANALYZER_NONNULL = YES;
				CLANG_ANALYZER_NUMBER_OBJECT_CONVERSION = YES_AGGRESSIVE;
				CLANG_CXX_LANGUAGE_STANDARD = "gnu++20";
				CLANG_ENABLE_MODULES = YES;
				CLANG_ENABLE_OBJC_ARC = YES;
				CLANG_ENABLE_OBJC_WEAK = YES;
				CLANG_WARN_BLOCK_CAPTURE_AUTORELEASING = YES;
				CLANG_WARN_BOOL_CONVERSION = YES;
				CLANG_WARN_COMMA = YES;
				CLANG_WARN_CONSTANT_CONVERSION = YES;
				CLANG_WARN_DEPRECATED_OBJC_IMPLEMENTATIONS = YES;
				CLANG_WARN_DIRECT_OBJC_ISA_USAGE = YES_ERROR;
				CLANG_WARN_DOCUMENTATION_COMMENTS = YES;
				CLANG_WARN_EMPTY_BODY = YES;
				CLANG_WARN_ENUM_CONVERSION = YES;
				CLANG_WARN_INFINITE_RECURSION = YES;
				CLANG_WARN_INT_CONVERSION = YES;
				CLANG_WARN_NON_LITERAL_NULL_CONVERSION = YES;
				CLANG_WARN_OBJC_IMPLICIT_RETAIN_SELF = YES;
				CLANG_WARN_OBJC_LITERAL_CONVERSION = YES;
				CLANG_WARN_OBJC_ROOT_CLASS = YES_ERROR;
				CLANG_WARN_QUOTED_INCLUDE_IN_FRAMEWORK_HEADER = YES;
				CLANG_WARN_RANGE_LOOP_ANALYSIS = YES;
				CLANG_WARN_STRICT_PROTOTYPES = YES;
				CLANG_WARN_SUSPICIOUS_MOVE = YES;
				CLANG_WARN_UNGUARDED_AVAILABILITY = YES_AGGRESSIVE;
				CLANG_WARN_UNREACHABLE_CODE = YES;
				CLANG_WARN__DUPLICATE_METHOD_MATCH = YES;
				COPY_PHASE_STRIP = NO;
				DEBUG_INFORMATION_FORMAT = dwarf;
				ENABLE_STRICT_OBJC_MSGSEND = YES;
				ENABLE_TESTABILITY = YES;
				ENABLE_USER_SCRIPT_SANDBOXING = YES;
				GCC_C_LANGUAGE_STANDARD = gnu17;
				GCC_DYNAMIC_NO_PIC = NO;
				GCC_NO_COMMON_BLOCKS = YES;
				GCC_OPTIMIZATION_LEVEL = 0;
				GCC_PREPROCESSOR_DEFINITIONS = (
					"DEBUG=1",
					"$(inherited)",
				);
				GCC_WARN_64_TO_32_BIT_CONVERSION = YES;
				GCC_WARN_ABOUT_RETURN_TYPE = YES_ERROR;
				GCC_WARN_UNDECLARED_SELECTOR = YES;
				GCC_WARN_UNINITIALIZED_AUTOS = YES_AGGRESSIVE;
				GCC_WARN_UNUSED_FUNCTION = YES;
				GCC_WARN_UNUSED_VARIABLE = YES;
				IPHONEOS_DEPLOYMENT_TARGET = 18.2;
				LOCALIZATION_PREFERS_STRING_CATALOGS = YES;
				MTL_ENABLE_DEBUG_INFO = INCLUDE_SOURCE;
				MTL_FAST_MATH = YES;
				ONLY_ACTIVE_ARCH = YES;
				SDKROOT = iphoneos;
				SWIFT_ACTIVE_COMPILATION_CONDITIONS = "DEBUG $(inherited)";
				SWIFT_OPTIMIZATION_LEVEL = "-Onone";
			};
			name = Debug;
		};
		082BFAD52D9B14E900FC2210 /* Release */ = {
			isa = XCBuildConfiguration;
			buildSettings = {
				ALWAYS_SEARCH_USER_PATHS = NO;
				ASSETCATALOG_COMPILER_GENERATE_SWIFT_ASSET_SYMBOL_EXTENSIONS = YES;
				CLANG_ANALYZER_NONNULL = YES;
				CLANG_ANALYZER_NUMBER_OBJECT_CONVERSION = YES_AGGRESSIVE;
				CLANG_CXX_LANGUAGE_STANDARD = "gnu++20";
				CLANG_ENABLE_MODULES = YES;
				CLANG_ENABLE_OBJC_ARC = YES;
				CLANG_ENABLE_OBJC_WEAK = YES;
				CLANG_WARN_BLOCK_CAPTURE_AUTORELEASING = YES;
				CLANG_WARN_BOOL_CONVERSION = YES;
				CLANG_WARN_COMMA = YES;
				CLANG_WARN_CONSTANT_CONVERSION = YES;
				CLANG_WARN_DEPRECATED_OBJC_IMPLEMENTATIONS = YES;
				CLANG_WARN_DIRECT_OBJC_ISA_USAGE = YES_ERROR;
				CLANG_WARN_DOCUMENTATION_COMMENTS = YES;
				CLANG_WARN_EMPTY_BODY = YES;
				CLANG_WARN_ENUM_CONVERSION = YES;
				CLANG_WARN_INFINITE_RECURSION = YES;
				CLANG_WARN_INT_CONVERSION = YES;
				CLANG_WARN_NON_LITERAL_NULL_CONVERSION = YES;
				CLANG_WARN_OBJC_IMPLICIT_RETAIN_SELF = YES;
				CLANG_WARN_OBJC_LITERAL_CONVERSION = YES;
				CLANG_WARN_OBJC_ROOT_CLASS = YES_ERROR;
				CLANG_WARN_QUOTED_INCLUDE_IN_FRAMEWORK_HEADER = YES;
				CLANG_WARN_RANGE_LOOP_ANALYSIS = YES;
				CLANG_WARN_STRICT_PROTOTYPES = YES;
				CLANG_WARN_SUSPICIOUS_MOVE = YES;
				CLANG_WARN_UNGUARDED_AVAILABILITY = YES_AGGRESSIVE;
				CLANG_WARN_UNREACHABLE_CODE = YES;
				CLANG_WARN__DUPLICATE_METHOD_MATCH = YES;
				COPY_PHASE_STRIP = NO;
				DEBUG_INFORMATION_FORMAT = "dwarf-with-dsym";
				ENABLE_NS_ASSERTIONS = NO;
				ENABLE_STRICT_OBJC_MSGSEND = YES;
				ENABLE_USER_SCRIPT_SANDBOXING = YES;
				GCC_C_LANGUAGE_STANDARD = gnu17;
				GCC_NO_COMMON_BLOCKS = YES;
				GCC_WARN_64_TO_32_BIT_CONVERSION = YES;
				GCC_WARN_ABOUT_RETURN_TYPE = YES_ERROR;
				GCC_WARN_UNDECLARED_SELECTOR = YES;
				GCC_WARN_UNINITIALIZED_AUTOS = YES_AGGRESSIVE;
				GCC_WARN_UNUSED_FUNCTION = YES;
				GCC_WARN_UNUSED_VARIABLE = YES;
				IPHONEOS_DEPLOYMENT_TARGET = 18.2;
				LOCALIZATION_PREFERS_STRING_CATALOGS = YES;
				MTL_ENABLE_DEBUG_INFO = NO;
				MTL_FAST_MATH = YES;
				SDKROOT = iphoneos;
				SWIFT_COMPILATION_MODE = wholemodule;
				VALIDATE_PRODUCT = YES;
			};
			name = Release;
		};
		082BFAD72D9B14E900FC2210 /* Debug */ = {
			isa = XCBuildConfiguration;
			buildSettings = {
				ASSETCATALOG_COMPILER_APPICON_NAME = AppIcon;
				ASSETCATALOG_COMPILER_GLOBAL_ACCENT_COLOR_NAME = AccentColor;
				CODE_SIGN_STYLE = Automatic;
				CURRENT_PROJECT_VERSION = 1;
				DEVELOPMENT_ASSET_PATHS = "\"mirrorApp/Preview Content\"";
				DEVELOPMENT_TEAM = 2P2G97ZRH9;
				ENABLE_PREVIEWS = YES;
				GENERATE_INFOPLIST_FILE = YES;
				INFOPLIST_KEY_UIApplicationSceneManifest_Generation = YES;
				INFOPLIST_KEY_UIApplicationSupportsIndirectInputEvents = YES;
				INFOPLIST_KEY_UILaunchScreen_Generation = YES;
				INFOPLIST_KEY_UISupportedInterfaceOrientations_iPad = "UIInterfaceOrientationPortrait UIInterfaceOrientationPortraitUpsideDown UIInterfaceOrientationLandscapeLeft UIInterfaceOrientationLandscapeRight";
				INFOPLIST_KEY_UISupportedInterfaceOrientations_iPhone = "UIInterfaceOrientationPortrait UIInterfaceOrientationLandscapeLeft UIInterfaceOrientationLandscapeRight";
				LD_RUNPATH_SEARCH_PATHS = (
					"$(inherited)",
					"@executable_path/Frameworks",
				);
				MARKETING_VERSION = 1.0;
				PRODUCT_BUNDLE_IDENTIFIER = loganfarrow.mirrorApp;
				PRODUCT_NAME = "$(TARGET_NAME)";
				SWIFT_EMIT_LOC_STRINGS = YES;
				SWIFT_VERSION = 5.0;
				TARGETED_DEVICE_FAMILY = "1,2";
			};
			name = Debug;
		};
		082BFAD82D9B14E900FC2210 /* Release */ = {
			isa = XCBuildConfiguration;
			buildSettings = {
				ASSETCATALOG_COMPILER_APPICON_NAME = AppIcon;
				ASSETCATALOG_COMPILER_GLOBAL_ACCENT_COLOR_NAME = AccentColor;
				CODE_SIGN_STYLE = Automatic;
				CURRENT_PROJECT_VERSION = 1;
				DEVELOPMENT_ASSET_PATHS = "\"mirrorApp/Preview Content\"";
				DEVELOPMENT_TEAM = 2P2G97ZRH9;
				ENABLE_PREVIEWS = YES;
				GENERATE_INFOPLIST_FILE = YES;
				INFOPLIST_KEY_UIApplicationSceneManifest_Generation = YES;
				INFOPLIST_KEY_UIApplicationSupportsIndirectInputEvents = YES;
				INFOPLIST_KEY_UILaunchScreen_Generation = YES;
				INFOPLIST_KEY_UISupportedInterfaceOrientations_iPad = "UIInterfaceOrientationPortrait UIInterfaceOrientationPortraitUpsideDown UIInterfaceOrientationLandscapeLeft UIInterfaceOrientationLandscapeRight";
				INFOPLIST_KEY_UISupportedInterfaceOrientations_iPhone = "UIInterfaceOrientationPortrait UIInterfaceOrientationLandscapeLeft UIInterfaceOrientationLandscapeRight";
				LD_RUNPATH_SEARCH_PATHS = (
					"$(inherited)",
					"@executable_path/Frameworks",
				);
				MARKETING_VERSION = 1.0;
				PRODUCT_BUNDLE_IDENTIFIER = loganfarrow.mirrorApp;
				PRODUCT_NAME = "$(TARGET_NAME)";
				SWIFT_EMIT_LOC_STRINGS = YES;
				SWIFT_VERSION = 5.0;
				TARGETED_DEVICE_FAMILY = "1,2";
			};
			name = Release;
		};
		082BFADA2D9B14E900FC2210 /* Debug */ = {
			isa = XCBuildConfiguration;
			buildSettings = {
				BUNDLE_LOADER = "$(TEST_HOST)";
				CODE_SIGN_STYLE = Automatic;
				CURRENT_PROJECT_VERSION = 1;
				GENERATE_INFOPLIST_FILE = YES;
				IPHONEOS_DEPLOYMENT_TARGET = 18.2;
				MARKETING_VERSION = 1.0;
				PRODUCT_BUNDLE_IDENTIFIER = loganfarrow.mirrorAppTests;
				PRODUCT_NAME = "$(TARGET_NAME)";
				SWIFT_EMIT_LOC_STRINGS = NO;
				SWIFT_VERSION = 5.0;
				TARGETED_DEVICE_FAMILY = "1,2";
				TEST_HOST = "$(BUILT_PRODUCTS_DIR)/mirrorApp.app/$(BUNDLE_EXECUTABLE_FOLDER_PATH)/mirrorApp";
			};
			name = Debug;
		};
		082BFADB2D9B14E900FC2210 /* Release */ = {
			isa = XCBuildConfiguration;
			buildSettings = {
				BUNDLE_LOADER = "$(TEST_HOST)";
				CODE_SIGN_STYLE = Automatic;
				CURRENT_PROJECT_VERSION = 1;
				GENERATE_INFOPLIST_FILE = YES;
				IPHONEOS_DEPLOYMENT_TARGET = 18.2;
				MARKETING_VERSION = 1.0;
				PRODUCT_BUNDLE_IDENTIFIER = loganfarrow.mirrorAppTests;
				PRODUCT_NAME = "$(TARGET_NAME)";
				SWIFT_EMIT_LOC_STRINGS = NO;
				SWIFT_VERSION = 5.0;
				TARGETED_DEVICE_FAMILY = "1,2";
				TEST_HOST = "$(BUILT_PRODUCTS_DIR)/mirrorApp.app/$(BUNDLE_EXECUTABLE_FOLDER_PATH)/mirrorApp";
			};
			name = Release;
		};
		082BFADD2D9B14E900FC2210 /* Debug */ = {
			isa = XCBuildConfiguration;
			buildSettings = {
				CODE_SIGN_STYLE = Automatic;
				CURRENT_PROJECT_VERSION = 1;
				GENERATE_INFOPLIST_FILE = YES;
				MARKETING_VERSION = 1.0;
				PRODUCT_BUNDLE_IDENTIFIER = loganfarrow.mirrorAppUITests;
				PRODUCT_NAME = "$(TARGET_NAME)";
				SWIFT_EMIT_LOC_STRINGS = NO;
				SWIFT_VERSION = 5.0;
				TARGETED_DEVICE_FAMILY = "1,2";
				TEST_TARGET_NAME = mirrorApp;
			};
			name = Debug;
		};
		082BFADE2D9B14E900FC2210 /* Release */ = {
			isa = XCBuildConfiguration;
			buildSettings = {
				CODE_SIGN_STYLE = Automatic;
				CURRENT_PROJECT_VERSION = 1;
				GENERATE_INFOPLIST_FILE = YES;
				MARKETING_VERSION = 1.0;
				PRODUCT_BUNDLE_IDENTIFIER = loganfarrow.mirrorAppUITests;
				PRODUCT_NAME = "$(TARGET_NAME)";
				SWIFT_EMIT_LOC_STRINGS = NO;
				SWIFT_VERSION = 5.0;
				TARGETED_DEVICE_FAMILY = "1,2";
				TEST_TARGET_NAME = mirrorApp;
			};
			name = Release;
		};
/* End XCBuildConfiguration section */

/* Begin XCConfigurationList section */
		082BFAAD2D9B14E800FC2210 /* Build configuration list for PBXProject "mirrorApp" */ = {
			isa = XCConfigurationList;
			buildConfigurations = (
				082BFAD42D9B14E900FC2210 /* Debug */,
				082BFAD52D9B14E900FC2210 /* Release */,
			);
			defaultConfigurationIsVisible = 0;
			defaultConfigurationName = Release;
		};
		082BFAD62D9B14E900FC2210 /* Build configuration list for PBXNativeTarget "mirrorApp" */ = {
			isa = XCConfigurationList;
			buildConfigurations = (
				082BFAD72D9B14E900FC2210 /* Debug */,
				082BFAD82D9B14E900FC2210 /* Release */,
			);
			defaultConfigurationIsVisible = 0;
			defaultConfigurationName = Release;
		};
		082BFAD92D9B14E900FC2210 /* Build configuration list for PBXNativeTarget "mirrorAppTests" */ = {
			isa = XCConfigurationList;
			buildConfigurations = (
				082BFADA2D9B14E900FC2210 /* Debug */,
				082BFADB2D9B14E900FC2210 /* Release */,
			);
			defaultConfigurationIsVisible = 0;
			defaultConfigurationName = Release;
		};
		082BFADC2D9B14E900FC2210 /* Build configuration list for PBXNativeTarget "mirrorAppUITests" */ = {
			isa = XCConfigurationList;
			buildConfigurations = (
				082BFADD2D9B14E900FC2210 /* Debug */,
				082BFADE2D9B14E900FC2210 /* Release */,
			);
			defaultConfigurationIsVisible = 0;
			defaultConfigurationName = Release;
		};
/* End XCConfigurationList section */
	};
	rootObject = 082BFAAA2D9B14E800FC2210 /* Project object */;
}
